// !$*UTF8*$!
{
	archiveVersion = 1;
	classes = {
	};
	objectVersion = 48;
	objects = {

/* Begin PBXBuildFile section */
		057502CD22F269F000DB0F89 /* AppDelegate.swift in Sources */ = {isa = PBXBuildFile; fileRef = 057502CC22F269F000DB0F89 /* AppDelegate.swift */; };
		057502CF22F269F000DB0F89 /* ViewController.swift in Sources */ = {isa = PBXBuildFile; fileRef = 057502CE22F269F000DB0F89 /* ViewController.swift */; };
		057502D122F269F000DB0F89 /* Assets.xcassets in Resources */ = {isa = PBXBuildFile; fileRef = 057502D022F269F000DB0F89 /* Assets.xcassets */; };
		057502D422F269F000DB0F89 /* Main.storyboard in Resources */ = {isa = PBXBuildFile; fileRef = 057502D222F269F000DB0F89 /* Main.storyboard */; };
		057502E022F269F000DB0F89 /* lolTests.swift in Sources */ = {isa = PBXBuildFile; fileRef = 057502DF22F269F000DB0F89 /* lolTests.swift */; };
		057502EB22F269F000DB0F89 /* lolUITests.swift in Sources */ = {isa = PBXBuildFile; fileRef = 057502EA22F269F000DB0F89 /* lolUITests.swift */; };
/* End PBXBuildFile section */

/* Begin PBXContainerItemProxy section */
		057502DC22F269F000DB0F89 /* PBXContainerItemProxy */ = {
			isa = PBXContainerItemProxy;
			containerPortal = 057502C122F269F000DB0F89 /* Project object */;
			proxyType = 1;
			remoteGlobalIDString = 057502C822F269F000DB0F89;
			remoteInfo = lol;
		};
		057502E722F269F000DB0F89 /* PBXContainerItemProxy */ = {
			isa = PBXContainerItemProxy;
			containerPortal = 057502C122F269F000DB0F89 /* Project object */;
			proxyType = 1;
			remoteGlobalIDString = 057502C822F269F000DB0F89;
			remoteInfo = lol;
		};
/* End PBXContainerItemProxy section */

/* Begin PBXFileReference section */
		057502C922F269F000DB0F89 /* lol.app */ = {isa = PBXFileReference; explicitFileType = wrapper.application; includeInIndex = 0; path = lol.app; sourceTree = BUILT_PRODUCTS_DIR; };
		057502CC22F269F000DB0F89 /* AppDelegate.swift */ = {isa = PBXFileReference; lastKnownFileType = sourcecode.swift; path = AppDelegate.swift; sourceTree = "<group>"; };
		057502CE22F269F000DB0F89 /* ViewController.swift */ = {isa = PBXFileReference; lastKnownFileType = sourcecode.swift; path = ViewController.swift; sourceTree = "<group>"; };
		057502D022F269F000DB0F89 /* Assets.xcassets */ = {isa = PBXFileReference; lastKnownFileType = folder.assetcatalog; path = Assets.xcassets; sourceTree = "<group>"; };
		057502D322F269F000DB0F89 /* Base */ = {isa = PBXFileReference; lastKnownFileType = file.storyboard; name = Base; path = Base.lproj/Main.storyboard; sourceTree = "<group>"; };
		057502D522F269F000DB0F89 /* Info.plist */ = {isa = PBXFileReference; lastKnownFileType = text.plist.xml; path = Info.plist; sourceTree = "<group>"; };
		057502D622F269F000DB0F89 /* lol.entitlements */ = {isa = PBXFileReference; lastKnownFileType = text.plist.entitlements; path = lol.entitlements; sourceTree = "<group>"; };
		057502DB22F269F000DB0F89 /* lolTests.xctest */ = {isa = PBXFileReference; explicitFileType = wrapper.cfbundle; includeInIndex = 0; path = lolTests.xctest; sourceTree = BUILT_PRODUCTS_DIR; };
		057502DF22F269F000DB0F89 /* lolTests.swift */ = {isa = PBXFileReference; lastKnownFileType = sourcecode.swift; path = lolTests.swift; sourceTree = "<group>"; };
		057502E122F269F000DB0F89 /* Info.plist */ = {isa = PBXFileReference; lastKnownFileType = text.plist.xml; path = Info.plist; sourceTree = "<group>"; };
		057502E622F269F000DB0F89 /* lolUITests.xctest */ = {isa = PBXFileReference; explicitFileType = wrapper.cfbundle; includeInIndex = 0; path = lolUITests.xctest; sourceTree = BUILT_PRODUCTS_DIR; };
		057502EA22F269F000DB0F89 /* lolUITests.swift */ = {isa = PBXFileReference; lastKnownFileType = sourcecode.swift; path = lolUITests.swift; sourceTree = "<group>"; };
		057502EC22F269F000DB0F89 /* Info.plist */ = {isa = PBXFileReference; lastKnownFileType = text.plist.xml; path = Info.plist; sourceTree = "<group>"; };
/* End PBXFileReference section */

/* Begin PBXFrameworksBuildPhase section */
		057502C622F269F000DB0F89 /* Frameworks */ = {
			isa = PBXFrameworksBuildPhase;
			buildActionMask = 2147483647;
			files = (
			);
			runOnlyForDeploymentPostprocessing = 0;
		};
		057502D822F269F000DB0F89 /* Frameworks */ = {
			isa = PBXFrameworksBuildPhase;
			buildActionMask = 2147483647;
			files = (
			);
			runOnlyForDeploymentPostprocessing = 0;
		};
		057502E322F269F000DB0F89 /* Frameworks */ = {
			isa = PBXFrameworksBuildPhase;
			buildActionMask = 2147483647;
			files = (
			);
			runOnlyForDeploymentPostprocessing = 0;
		};
/* End PBXFrameworksBuildPhase section */

/* Begin PBXGroup section */
		057502C022F269F000DB0F89 = {
			isa = PBXGroup;
			children = (
				057502CB22F269F000DB0F89 /* lol */,
				057502DE22F269F000DB0F89 /* lolTests */,
				057502E922F269F000DB0F89 /* lolUITests */,
				057502CA22F269F000DB0F89 /* Products */,
			);
			sourceTree = "<group>";
		};
		057502CA22F269F000DB0F89 /* Products */ = {
			isa = PBXGroup;
			children = (
				057502C922F269F000DB0F89 /* lol.app */,
				057502DB22F269F000DB0F89 /* lolTests.xctest */,
				057502E622F269F000DB0F89 /* lolUITests.xctest */,
			);
			name = Products;
			sourceTree = "<group>";
		};
		057502CB22F269F000DB0F89 /* lol */ = {
			isa = PBXGroup;
			children = (
				057502CC22F269F000DB0F89 /* AppDelegate.swift */,
				057502CE22F269F000DB0F89 /* ViewController.swift */,
				057502D022F269F000DB0F89 /* Assets.xcassets */,
				057502D222F269F000DB0F89 /* Main.storyboard */,
				057502D522F269F000DB0F89 /* Info.plist */,
				057502D622F269F000DB0F89 /* lol.entitlements */,
			);
			path = lol;
			sourceTree = "<group>";
		};
		057502DE22F269F000DB0F89 /* lolTests */ = {
			isa = PBXGroup;
			children = (
				057502DF22F269F000DB0F89 /* lolTests.swift */,
				057502E122F269F000DB0F89 /* Info.plist */,
			);
			path = lolTests;
			sourceTree = "<group>";
		};
		057502E922F269F000DB0F89 /* lolUITests */ = {
			isa = PBXGroup;
			children = (
				057502EA22F269F000DB0F89 /* lolUITests.swift */,
				057502EC22F269F000DB0F89 /* Info.plist */,
			);
			path = lolUITests;
			sourceTree = "<group>";
		};
/* End PBXGroup section */

/* Begin PBXNativeTarget section */
		057502C822F269F000DB0F89 /* lol */ = {
			isa = PBXNativeTarget;
			buildConfigurationList = 057502EF22F269F000DB0F89 /* Build configuration list for PBXNativeTarget "lol" */;
			buildPhases = (
				057502C522F269F000DB0F89 /* Sources */,
				057502C622F269F000DB0F89 /* Frameworks */,
				057502C722F269F000DB0F89 /* Resources */,
			);
			buildRules = (
			);
			dependencies = (
			);
			name = lol;
			productName = lol;
			productReference = 057502C922F269F000DB0F89 /* lol.app */;
			productType = "com.apple.product-type.application";
		};
		057502DA22F269F000DB0F89 /* lolTests */ = {
			isa = PBXNativeTarget;
			buildConfigurationList = 057502F222F269F000DB0F89 /* Build configuration list for PBXNativeTarget "lolTests" */;
			buildPhases = (
				057502D722F269F000DB0F89 /* Sources */,
				057502D822F269F000DB0F89 /* Frameworks */,
				057502D922F269F000DB0F89 /* Resources */,
			);
			buildRules = (
			);
			dependencies = (
				057502DD22F269F000DB0F89 /* PBXTargetDependency */,
			);
			name = lolTests;
			productName = lolTests;
			productReference = 057502DB22F269F000DB0F89 /* lolTests.xctest */;
			productType = "com.apple.product-type.bundle.unit-test";
		};
		057502E522F269F000DB0F89 /* lolUITests */ = {
			isa = PBXNativeTarget;
			buildConfigurationList = 057502F522F269F000DB0F89 /* Build configuration list for PBXNativeTarget "lolUITests" */;
			buildPhases = (
				057502E222F269F000DB0F89 /* Sources */,
				057502E322F269F000DB0F89 /* Frameworks */,
				057502E422F269F000DB0F89 /* Resources */,
			);
			buildRules = (
			);
			dependencies = (
				057502E822F269F000DB0F89 /* PBXTargetDependency */,
			);
			name = lolUITests;
			productName = lolUITests;
			productReference = 057502E622F269F000DB0F89 /* lolUITests.xctest */;
			productType = "com.apple.product-type.bundle.ui-testing";
		};
/* End PBXNativeTarget section */

/* Begin PBXProject section */
		057502C122F269F000DB0F89 /* Project object */ = {
			isa = PBXProject;
			attributes = {
				LastSwiftUpdateCheck = 0920;
				LastUpgradeCheck = 0920;
				ORGANIZATIONNAME = "Yohann DANA";
				TargetAttributes = {
					057502C822F269F000DB0F89 = {
						CreatedOnToolsVersion = 9.2;
						ProvisioningStyle = Automatic;
					};
					057502DA22F269F000DB0F89 = {
						CreatedOnToolsVersion = 9.2;
						ProvisioningStyle = Automatic;
						TestTargetID = 057502C822F269F000DB0F89;
					};
					057502E522F269F000DB0F89 = {
						CreatedOnToolsVersion = 9.2;
						ProvisioningStyle = Automatic;
						TestTargetID = 057502C822F269F000DB0F89;
					};
				};
			};
			buildConfigurationList = 057502C422F269F000DB0F89 /* Build configuration list for PBXProject "lol" */;
			compatibilityVersion = "Xcode 8.0";
			developmentRegion = en;
			hasScannedForEncodings = 0;
			knownRegions = (
				en,
				Base,
			);
			mainGroup = 057502C022F269F000DB0F89;
			productRefGroup = 057502CA22F269F000DB0F89 /* Products */;
			projectDirPath = "";
			projectRoot = "";
			targets = (
				057502C822F269F000DB0F89 /* lol */,
				057502DA22F269F000DB0F89 /* lolTests */,
				057502E522F269F000DB0F89 /* lolUITests */,
			);
		};
/* End PBXProject section */

/* Begin PBXResourcesBuildPhase section */
		057502C722F269F000DB0F89 /* Resources */ = {
			isa = PBXResourcesBuildPhase;
			buildActionMask = 2147483647;
			files = (
				057502D122F269F000DB0F89 /* Assets.xcassets in Resources */,
				057502D422F269F000DB0F89 /* Main.storyboard in Resources */,
			);
			runOnlyForDeploymentPostprocessing = 0;
		};
		057502D922F269F000DB0F89 /* Resources */ = {
			isa = PBXResourcesBuildPhase;
			buildActionMask = 2147483647;
			files = (
			);
			runOnlyForDeploymentPostprocessing = 0;
		};
		057502E422F269F000DB0F89 /* Resources */ = {
			isa = PBXResourcesBuildPhase;
			buildActionMask = 2147483647;
			files = (
			);
			runOnlyForDeploymentPostprocessing = 0;
		};
/* End PBXResourcesBuildPhase section */

/* Begin PBXSourcesBuildPhase section */
		057502C522F269F000DB0F89 /* Sources */ = {
			isa = PBXSourcesBuildPhase;
			buildActionMask = 2147483647;
			files = (
				057502CF22F269F000DB0F89 /* ViewController.swift in Sources */,
				057502CD22F269F000DB0F89 /* AppDelegate.swift in Sources */,
			);
			runOnlyForDeploymentPostprocessing = 0;
		};
		057502D722F269F000DB0F89 /* Sources */ = {
			isa = PBXSourcesBuildPhase;
			buildActionMask = 2147483647;
			files = (
				057502E022F269F000DB0F89 /* lolTests.swift in Sources */,
			);
			runOnlyForDeploymentPostprocessing = 0;
		};
		057502E222F269F000DB0F89 /* Sources */ = {
			isa = PBXSourcesBuildPhase;
			buildActionMask = 2147483647;
			files = (
				057502EB22F269F000DB0F89 /* lolUITests.swift in Sources */,
			);
			runOnlyForDeploymentPostprocessing = 0;
		};
/* End PBXSourcesBuildPhase section */

/* Begin PBXTargetDependency section */
		057502DD22F269F000DB0F89 /* PBXTargetDependency */ = {
			isa = PBXTargetDependency;
			target = 057502C822F269F000DB0F89 /* lol */;
			targetProxy = 057502DC22F269F000DB0F89 /* PBXContainerItemProxy */;
		};
		057502E822F269F000DB0F89 /* PBXTargetDependency */ = {
			isa = PBXTargetDependency;
			target = 057502C822F269F000DB0F89 /* lol */;
			targetProxy = 057502E722F269F000DB0F89 /* PBXContainerItemProxy */;
		};
/* End PBXTargetDependency section */

/* Begin PBXVariantGroup section */
		057502D222F269F000DB0F89 /* Main.storyboard */ = {
			isa = PBXVariantGroup;
			children = (
				057502D322F269F000DB0F89 /* Base */,
			);
			name = Main.storyboard;
			sourceTree = "<group>";
		};
/* End PBXVariantGroup section */

/* Begin XCBuildConfiguration section */
		057502ED22F269F000DB0F89 /* Debug */ = {
			isa = XCBuildConfiguration;
			buildSettings = {
				ALWAYS_SEARCH_USER_PATHS = NO;
				CLANG_ANALYZER_NONNULL = YES;
				CLANG_ANALYZER_NUMBER_OBJECT_CONVERSION = YES_AGGRESSIVE;
				CLANG_CXX_LANGUAGE_STANDARD = "gnu++14";
				CLANG_CXX_LIBRARY = "libc++";
				CLANG_ENABLE_MODULES = YES;
				CLANG_ENABLE_OBJC_ARC = YES;
				CLANG_WARN_BLOCK_CAPTURE_AUTORELEASING = YES;
				CLANG_WARN_BOOL_CONVERSION = YES;
				CLANG_WARN_COMMA = YES;
				CLANG_WARN_CONSTANT_CONVERSION = YES;
				CLANG_WARN_DIRECT_OBJC_ISA_USAGE = YES_ERROR;
				CLANG_WARN_DOCUMENTATION_COMMENTS = YES;
				CLANG_WARN_EMPTY_BODY = YES;
				CLANG_WARN_ENUM_CONVERSION = YES;
				CLANG_WARN_INFINITE_RECURSION = YES;
				CLANG_WARN_INT_CONVERSION = YES;
				CLANG_WARN_NON_LITERAL_NULL_CONVERSION = YES;
				CLANG_WARN_OBJC_LITERAL_CONVERSION = YES;
				CLANG_WARN_OBJC_ROOT_CLASS = YES_ERROR;
				CLANG_WARN_RANGE_LOOP_ANALYSIS = YES;
				CLANG_WARN_STRICT_PROTOTYPES = YES;
				CLANG_WARN_SUSPICIOUS_MOVE = YES;
				CLANG_WARN_UNGUARDED_AVAILABILITY = YES_AGGRESSIVE;
				CLANG_WARN_UNREACHABLE_CODE = YES;
				CLANG_WARN__DUPLICATE_METHOD_MATCH = YES;
				CODE_SIGN_IDENTITY = "-";
				COPY_PHASE_STRIP = NO;
				DEBUG_INFORMATION_FORMAT = dwarf;
				ENABLE_STRICT_OBJC_MSGSEND = YES;
				ENABLE_TESTABILITY = YES;
				GCC_C_LANGUAGE_STANDARD = gnu11;
				GCC_DYNAMIC_NO_PIC = NO;
				GCC_NO_COMMON_BLOCKS = YES;
				GCC_OPTIMIZATION_LEVEL = 0;
				GCC_PREPROCESSOR_DEFINITIONS = (
					"DEBUG=1",
					"$(inherited)",
				);
				GCC_WARN_64_TO_32_BIT_CONVERSION = YES;
				GCC_WARN_ABOUT_RETURN_TYPE = YES_ERROR;
				GCC_WARN_UNDECLARED_SELECTOR = YES;
				GCC_WARN_UNINITIALIZED_AUTOS = YES_AGGRESSIVE;
				GCC_WARN_UNUSED_FUNCTION = YES;
				GCC_WARN_UNUSED_VARIABLE = YES;
				MACOSX_DEPLOYMENT_TARGET = 10.12;
				MTL_ENABLE_DEBUG_INFO = YES;
				ONLY_ACTIVE_ARCH = YES;
				SDKROOT = macosx;
				SWIFT_ACTIVE_COMPILATION_CONDITIONS = DEBUG;
				SWIFT_OPTIMIZATION_LEVEL = "-Onone";
			};
			name = Debug;
		};
		057502EE22F269F000DB0F89 /* Release */ = {
			isa = XCBuildConfiguration;
			buildSettings = {
				ALWAYS_SEARCH_USER_PATHS = NO;
				CLANG_ANALYZER_NONNULL = YES;
				CLANG_ANALYZER_NUMBER_OBJECT_CONVERSION = YES_AGGRESSIVE;
				CLANG_CXX_LANGUAGE_STANDARD = "gnu++14";
				CLANG_CXX_LIBRARY = "libc++";
				CLANG_ENABLE_MODULES = YES;
				CLANG_ENABLE_OBJC_ARC = YES;
				CLANG_WARN_BLOCK_CAPTURE_AUTORELEASING = YES;
				CLANG_WARN_BOOL_CONVERSION = YES;
				CLANG_WARN_COMMA = YES;
				CLANG_WARN_CONSTANT_CONVERSION = YES;
				CLANG_WARN_DIRECT_OBJC_ISA_USAGE = YES_ERROR;
				CLANG_WARN_DOCUMENTATION_COMMENTS = YES;
				CLANG_WARN_EMPTY_BODY = YES;
				CLANG_WARN_ENUM_CONVERSION = YES;
				CLANG_WARN_INFINITE_RECURSION = YES;
				CLANG_WARN_INT_CONVERSION = YES;
				CLANG_WARN_NON_LITERAL_NULL_CONVERSION = YES;
				CLANG_WARN_OBJC_LITERAL_CONVERSION = YES;
				CLANG_WARN_OBJC_ROOT_CLASS = YES_ERROR;
				CLANG_WARN_RANGE_LOOP_ANALYSIS = YES;
				CLANG_WARN_STRICT_PROTOTYPES = YES;
				CLANG_WARN_SUSPICIOUS_MOVE = YES;
				CLANG_WARN_UNGUARDED_AVAILABILITY = YES_AGGRESSIVE;
				CLANG_WARN_UNREACHABLE_CODE = YES;
				CLANG_WARN__DUPLICATE_METHOD_MATCH = YES;
				CODE_SIGN_IDENTITY = "-";
				COPY_PHASE_STRIP = NO;
				DEBUG_INFORMATION_FORMAT = "dwarf-with-dsym";
				ENABLE_NS_ASSERTIONS = NO;
				ENABLE_STRICT_OBJC_MSGSEND = YES;
				GCC_C_LANGUAGE_STANDARD = gnu11;
				GCC_NO_COMMON_BLOCKS = YES;
				GCC_WARN_64_TO_32_BIT_CONVERSION = YES;
				GCC_WARN_ABOUT_RETURN_TYPE = YES_ERROR;
				GCC_WARN_UNDECLARED_SELECTOR = YES;
				GCC_WARN_UNINITIALIZED_AUTOS = YES_AGGRESSIVE;
				GCC_WARN_UNUSED_FUNCTION = YES;
				GCC_WARN_UNUSED_VARIABLE = YES;
				MACOSX_DEPLOYMENT_TARGET = 10.12;
				MTL_ENABLE_DEBUG_INFO = NO;
				SDKROOT = macosx;
				SWIFT_OPTIMIZATION_LEVEL = "-Owholemodule";
			};
			name = Release;
		};
		057502F022F269F000DB0F89 /* Debug */ = {
			isa = XCBuildConfiguration;
			buildSettings = {
				ASSETCATALOG_COMPILER_APPICON_NAME = AppIcon;
				CODE_SIGN_ENTITLEMENTS = lol/lol.entitlements;
				CODE_SIGN_STYLE = Automatic;
				COMBINE_HIDPI_IMAGES = YES;
				INFOPLIST_FILE = lol/Info.plist;
				LD_RUNPATH_SEARCH_PATHS = "$(inherited) @executable_path/../Frameworks";
				PRODUCT_BUNDLE_IDENTIFIER = lol.lol;
				PRODUCT_NAME = "$(TARGET_NAME)";
				SWIFT_VERSION = 4.0;
			};
			name = Debug;
		};
		057502F122F269F000DB0F89 /* Release */ = {
			isa = XCBuildConfiguration;
			buildSettings = {
				ASSETCATALOG_COMPILER_APPICON_NAME = AppIcon;
				CODE_SIGN_ENTITLEMENTS = lol/lol.entitlements;
				CODE_SIGN_STYLE = Automatic;
				COMBINE_HIDPI_IMAGES = YES;
				INFOPLIST_FILE = lol/Info.plist;
				LD_RUNPATH_SEARCH_PATHS = "$(inherited) @executable_path/../Frameworks";
				PRODUCT_BUNDLE_IDENTIFIER = lol.lol;
				PRODUCT_NAME = "$(TARGET_NAME)";
				SWIFT_VERSION = 4.0;
			};
			name = Release;
		};
		057502F322F269F000DB0F89 /* Debug */ = {
			isa = XCBuildConfiguration;
			buildSettings = {
				ALWAYS_EMBED_SWIFT_STANDARD_LIBRARIES = YES;
				BUNDLE_LOADER = "$(TEST_HOST)";
				CODE_SIGN_STYLE = Automatic;
				COMBINE_HIDPI_IMAGES = YES;
				INFOPLIST_FILE = lolTests/Info.plist;
				LD_RUNPATH_SEARCH_PATHS = "$(inherited) @executable_path/../Frameworks @loader_path/../Frameworks";
				PRODUCT_BUNDLE_IDENTIFIER = lol.lolTests;
				PRODUCT_NAME = "$(TARGET_NAME)";
				SWIFT_VERSION = 4.0;
				TEST_HOST = "$(BUILT_PRODUCTS_DIR)/lol.app/Contents/MacOS/lol";
			};
			name = Debug;
		};
		057502F422F269F000DB0F89 /* Release */ = {
			isa = XCBuildConfiguration;
			buildSettings = {
				ALWAYS_EMBED_SWIFT_STANDARD_LIBRARIES = YES;
				BUNDLE_LOADER = "$(TEST_HOST)";
				CODE_SIGN_STYLE = Automatic;
				COMBINE_HIDPI_IMAGES = YES;
				INFOPLIST_FILE = lolTests/Info.plist;
				LD_RUNPATH_SEARCH_PATHS = "$(inherited) @executable_path/../Frameworks @loader_path/../Frameworks";
				PRODUCT_BUNDLE_IDENTIFIER = lol.lolTests;
				PRODUCT_NAME = "$(TARGET_NAME)";
				SWIFT_VERSION = 4.0;
				TEST_HOST = "$(BUILT_PRODUCTS_DIR)/lol.app/Contents/MacOS/lol";
			};
			name = Release;
		};
		057502F622F269F000DB0F89 /* Debug */ = {
			isa = XCBuildConfiguration;
			buildSettings = {
				ALWAYS_EMBED_SWIFT_STANDARD_LIBRARIES = YES;
				CODE_SIGN_STYLE = Automatic;
				COMBINE_HIDPI_IMAGES = YES;
				INFOPLIST_FILE = lolUITests/Info.plist;
				LD_RUNPATH_SEARCH_PATHS = "$(inherited) @executable_path/../Frameworks @loader_path/../Frameworks";
				PRODUCT_BUNDLE_IDENTIFIER = lol.lolUITests;
				PRODUCT_NAME = "$(TARGET_NAME)";
				SWIFT_VERSION = 4.0;
				TEST_TARGET_NAME = lol;
			};
			name = Debug;
		};
		057502F722F269F000DB0F89 /* Release */ = {
			isa = XCBuildConfiguration;
			buildSettings = {
				ALWAYS_EMBED_SWIFT_STANDARD_LIBRARIES = YES;
				CODE_SIGN_STYLE = Automatic;
				COMBINE_HIDPI_IMAGES = YES;
				INFOPLIST_FILE = lolUITests/Info.plist;
				LD_RUNPATH_SEARCH_PATHS = "$(inherited) @executable_path/../Frameworks @loader_path/../Frameworks";
				PRODUCT_BUNDLE_IDENTIFIER = lol.lolUITests;
				PRODUCT_NAME = "$(TARGET_NAME)";
				SWIFT_VERSION = 4.0;
				TEST_TARGET_NAME = lol;
			};
			name = Release;
		};
/* End XCBuildConfiguration section */

/* Begin XCConfigurationList section */
		057502C422F269F000DB0F89 /* Build configuration list for PBXProject "lol" */ = {
			isa = XCConfigurationList;
			buildConfigurations = (
				057502ED22F269F000DB0F89 /* Debug */,
				057502EE22F269F000DB0F89 /* Release */,
			);
			defaultConfigurationIsVisible = 0;
			defaultConfigurationName = Release;
		};
		057502EF22F269F000DB0F89 /* Build configuration list for PBXNativeTarget "lol" */ = {
			isa = XCConfigurationList;
			buildConfigurations = (
				057502F022F269F000DB0F89 /* Debug */,
				057502F122F269F000DB0F89 /* Release */,
			);
			defaultConfigurationIsVisible = 0;
			defaultConfigurationName = Release;
		};
		057502F222F269F000DB0F89 /* Build configuration list for PBXNativeTarget "lolTests" */ = {
			isa = XCConfigurationList;
			buildConfigurations = (
				057502F322F269F000DB0F89 /* Debug */,
				057502F422F269F000DB0F89 /* Release */,
			);
			defaultConfigurationIsVisible = 0;
			defaultConfigurationName = Release;
		};
		057502F522F269F000DB0F89 /* Build configuration list for PBXNativeTarget "lolUITests" */ = {
			isa = XCConfigurationList;
			buildConfigurations = (
				057502F622F269F000DB0F89 /* Debug */,
				057502F722F269F000DB0F89 /* Release */,
			);
			defaultConfigurationIsVisible = 0;
			defaultConfigurationName = Release;
		};
/* End XCConfigurationList section */
	};
	rootObject = 057502C122F269F000DB0F89 /* Project object */;
}
